PODS:
  - federated_demo (0.0.1):
    - Flutter
  - Flutter (1.0.0)

DEPENDENCIES:
  - federated_demo (from `.symlinks/plugins/federated_demo/ios`)
  - Flutter (from `Flutter`)

EXTERNAL SOURCES:
  federated_demo:
    :path: ".symlinks/plugins/federated_demo/ios"
  Flutter:
    :path: Flutter

SPEC CHECKSUMS:
  federated_demo: 32428ff98b9fbca68f2d5b167b08143b407bb686
  Flutter: 434fef37c0980e73bb6479ef766c45957d4b510c

PODFILE CHECKSUM: aafe91acc616949ddb318b77800a7f51bffa2a4c

COCOAPODS: 1.10.1
